
Microsoft Visual Studio Solution File, Format Version 12.00
# Visual Studio 15
VisualStudioVersion = 15.0.26730.12
MinimumVisualStudioVersion = 10.0.40219.1
Project("{9A19103F-16F7-4668-BE54-9A1E7A4F7556}") = "PcgRandom", "src\PcgRandom\PcgRandom.csproj", "{3EA8BB4D-8304-40CF-BF8F-75041B3A4887}"
EndProject
Project("{9A19103F-16F7-4668-BE54-9A1E7A4F7556}") = "PcgRandom.Tests", "tests\PcgRandom.Tests\PcgRandom.Tests.csproj", "{5A8C4374-E711-44BD-AE72-790C86274809}"
EndProject
Global
	GlobalSection(SolutionConfigurationPlatforms) = preSolution
		Debug|Any CPU = Debug|Any CPU
		Release|Any CPU = Release|Any CPU
	EndGlobalSection
	GlobalSection(ProjectConfigurationPlatforms) = postSolution
		{3EA8BB4D-8304-40CF-BF8F-75041B3A4887}.Debug|Any CPU.ActiveCfg = Debug|Any CPU
		{3EA8BB4D-8304-40CF-BF8F-75041B3A4887}.Debug|Any CPU.Build.0 = Debug|Any CPU
		{3EA8BB4D-8304-40CF-BF8F-75041B3A4887}.Release|Any CPU.ActiveCfg = Release|Any CPU
		{3EA8BB4D-8304-40CF-BF8F-75041B3A4887}.Release|Any CPU.Build.0 = Release|Any CPU
		{5A8C4374-E711-44BD-AE72-790C86274809}.Debug|Any CPU.ActiveCfg = Debug|Any CPU
		{5A8C4374-E711-44BD-AE72-790C86274809}.Debug|Any CPU.Build.0 = Debug|Any CPU
		{5A8C4374-E711-44BD-AE72-790C86274809}.Release|Any CPU.ActiveCfg = Release|Any CPU
		{5A8C4374-E711-44BD-AE72-790C86274809}.Release|Any CPU.Build.0 = Release|Any CPU
	EndGlobalSection
	GlobalSection(SolutionProperties) = preSolution
		HideSolutionNode = FALSE
	EndGlobalSection
	GlobalSection(ExtensibilityGlobals) = postSolution
		SolutionGuid = {B1FA76BC-C705-439F-BE07-4E51D39F5B2A}
	EndGlobalSection
EndGlobal
